{
  "name": "pastakone",
  "version": "1.0.0",
  "dependencies": {
    "@types/axios": {
      "version": "0.14.0",
      "from": "@types/axios@latest",
      "resolved": "https://registry.npmjs.org/@types/axios/-/axios-0.14.0.tgz"
    },
    "axios": {
      "version": "0.16.1",
      "from": "axios@latest",
      "resolved": "https://registry.npmjs.org/axios/-/axios-0.16.1.tgz"
    },
    "brace": {
      "version": "0.10.0",
      "from": "brace@latest",
      "resolved": "https://registry.npmjs.org/brace/-/brace-0.10.0.tgz"
    },
    "date-fns": {
      "version": "1.28.3",
      "from": "date-fns@latest",
      "resolved": "https://registry.npmjs.org/date-fns/-/date-fns-1.28.3.tgz"
    },
    "debug": {
      "version": "2.6.3",
      "from": "debug@>=2.1.1 <3.0.0",
      "resolved": "https://registry.npmjs.org/debug/-/debug-2.6.3.tgz"
    },
    "follow-redirects": {
      "version": "1.2.3",
      "from": "follow-redirects@>=1.2.3 <2.0.0",
      "resolved": "https://registry.npmjs.org/follow-redirects/-/follow-redirects-1.2.3.tgz"
    },
    "history": {
      "version": "4.6.1",
      "from": "history@>=4.6.1 <5.0.0",
      "resolved": "https://registry.npmjs.org/history/-/history-4.6.1.tgz"
    },
    "hoist-non-inferno-statics": {
      "version": "1.1.3",
      "from": "hoist-non-inferno-statics@>=1.1.3 <2.0.0",
      "resolved": "https://registry.npmjs.org/hoist-non-inferno-statics/-/hoist-non-inferno-statics-1.1.3.tgz"
    },
    "inferno": {
      "version": "3.0.4",
      "from": "inferno@latest",
      "resolved": "https://registry.npmjs.org/inferno/-/inferno-3.0.4.tgz"
    },
    "inferno-component": {
      "version": "3.0.4",
      "from": "inferno-component@latest",
      "resolved": "https://registry.npmjs.org/inferno-component/-/inferno-component-3.0.4.tgz"
    },
    "inferno-create-element": {
      "version": "3.0.4",
      "from": "inferno-create-element@3.0.4",
      "resolved": "https://registry.npmjs.org/inferno-create-element/-/inferno-create-element-3.0.4.tgz"
    },
    "inferno-redux": {
      "version": "3.0.4",
      "from": "inferno-redux@latest",
      "resolved": "https://registry.npmjs.org/inferno-redux/-/inferno-redux-3.0.4.tgz"
    },
    "inferno-router": {
      "version": "3.0.4",
      "from": "inferno-router@latest",
      "resolved": "https://registry.npmjs.org/inferno-router/-/inferno-router-3.0.4.tgz"
    },
    "inferno-shared": {
      "version": "3.0.0",
      "from": "inferno-shared@>=3.0.0 <4.0.0",
      "resolved": "https://registry.npmjs.org/inferno-shared/-/inferno-shared-3.0.0.tgz"
    },
    "inferno-vnode-flags": {
      "version": "3.0.0",
      "from": "inferno-vnode-flags@>=3.0.0 <4.0.0",
      "resolved": "https://registry.npmjs.org/inferno-vnode-flags/-/inferno-vnode-flags-3.0.0.tgz"
    },
    "invariant": {
      "version": "2.2.2",
      "from": "invariant@>=2.2.1 <3.0.0",
      "resolved": "https://registry.npmjs.org/invariant/-/invariant-2.2.2.tgz"
    },
    "isarray": {
      "version": "0.0.1",
      "from": "isarray@0.0.1",
      "resolved": "https://registry.npmjs.org/isarray/-/isarray-0.0.1.tgz"
    },
    "js-tokens": {
      "version": "3.0.1",
      "from": "js-tokens@>=3.0.0 <4.0.0",
      "resolved": "https://registry.npmjs.org/js-tokens/-/js-tokens-3.0.1.tgz"
    },
    "lodash": {
      "version": "4.17.4",
      "from": "lodash@>=4.2.1 <5.0.0",
      "resolved": "https://registry.npmjs.org/lodash/-/lodash-4.17.4.tgz"
    },
    "lodash-es": {
      "version": "4.17.4",
      "from": "lodash-es@>=4.2.1 <5.0.0",
      "resolved": "https://registry.npmjs.org/lodash-es/-/lodash-es-4.17.4.tgz"
    },
    "loose-envify": {
      "version": "1.3.1",
      "from": "loose-envify@>=1.1.0 <2.0.0",
      "resolved": "https://registry.npmjs.org/loose-envify/-/loose-envify-1.3.1.tgz"
    },
    "ms": {
      "version": "0.7.2",
      "from": "ms@0.7.2",
      "resolved": "https://registry.npmjs.org/ms/-/ms-0.7.2.tgz"
    },
    "path-to-regexp": {
      "version": "1.7.0",
      "from": "path-to-regexp@*",
      "resolved": "https://registry.npmjs.org/path-to-regexp/-/path-to-regexp-1.7.0.tgz"
    },
    "path-to-regexp-es6": {
      "version": "0.0.2",
      "from": "path-to-regexp-es6@0.0.2",
      "resolved": "https://registry.npmjs.org/path-to-regexp-es6/-/path-to-regexp-es6-0.0.2.tgz"
    },
    "qs": {
      "version": "6.4.0",
      "from": "qs@latest",
      "resolved": "https://registry.npmjs.org/qs/-/qs-6.4.0.tgz"
    },
    "redux": {
      "version": "3.6.0",
      "from": "redux@latest",
      "resolved": "https://registry.npmjs.org/redux/-/redux-3.6.0.tgz"
    },
    "redux-localstorage": {
      "version": "0.4.1",
      "from": "redux-localstorage@latest",
      "resolved": "https://registry.npmjs.org/redux-localstorage/-/redux-localstorage-0.4.1.tgz"
    },
    "resolve-pathname": {
      "version": "2.0.2",
      "from": "resolve-pathname@>=2.0.0 <3.0.0",
      "resolved": "https://registry.npmjs.org/resolve-pathname/-/resolve-pathname-2.0.2.tgz"
    },
    "symbol-observable": {
      "version": "1.0.4",
      "from": "symbol-observable@>=1.0.2 <2.0.0",
      "resolved": "https://registry.npmjs.org/symbol-observable/-/symbol-observable-1.0.4.tgz"
    },
    "value-equal": {
      "version": "0.2.0",
      "from": "value-equal@>=0.2.0 <0.3.0",
      "resolved": "https://registry.npmjs.org/value-equal/-/value-equal-0.2.0.tgz"
    },
    "w3c-blob": {
      "version": "0.0.1",
      "from": "w3c-blob@0.0.1",
      "resolved": "https://registry.npmjs.org/w3c-blob/-/w3c-blob-0.0.1.tgz"
    },
    "warning": {
      "version": "3.0.0",
      "from": "warning@>=3.0.0 <4.0.0",
      "resolved": "https://registry.npmjs.org/warning/-/warning-3.0.0.tgz"
    }
  }
}
